{
  "lockfileVersion": 1,
  "configVersion": 1,
  "workspaces": {
    "": {
      "name": "@ultemica/yaneuraou-mate-cfworkers",
      "devDependencies": {
        "@cloudflare/workers-types": "^4.20240000.0",
        "typescript": "^5.0.0",
      },
    },
  },
  "packages": {
    "@cloudflare/workers-types": ["@cloudflare/workers-types@4.20260509.1", "", {}, "sha512-jFlTTD+0MK/01TdL5sHIsQ8RqzfmvBsGl4hSp87INv2+JIs/JF6EL9J8enuCz6z3fNdfOKISNbGCIrzZRXVrcw=="],

    "typescript": ["typescript@5.9.3", "", { "bin": { "tsc": "bin/tsc", "tsserver": "bin/tsserver" } }, "sha512-jl1vZzPDinLr9eUt3J/t7V6FgNEw9QjvBPdysz9KfQDD41fQrC2Y4vKQdiaUpFT4bXlb1RHhLpp8wtm6M5TgSw=="],
  }
}
